<?xml version="1.0" encoding="utf-8"?>
<Project ToolsVersion="4.0" xmlns="http://schemas.microsoft.com/developer/msbuild/2003">
  <ItemGroup>
    <Filter Include="Source Files">
      <UniqueIdentifier>{4FC737F1-C7A5-4376-A066-2A32D752A2FF}</UniqueIdentifier>
      <Extensions>cpp;c;cc;cxx;def;odl;idl;hpj;bat;asm;asmx</Extensions>
    </Filter>
    <Filter Include="Header Files">
      <UniqueIdentifier>{93995380-89BD-4b04-88EB-625FBE52EBFB}</UniqueIdentifier>
      <Extensions>h;hh;hpp;hxx;hm;inl;inc;ipp;xsd</Extensions>
    </Filter>
    <Filter Include="Resource Files">
      <UniqueIdentifier>{67DA6AB6-F800-4c08-8B7A-83BB121AAD01}</UniqueIdentifier>
      <Extensions>rc;ico;cur;bmp;dlg;rc2;rct;bin;rgs;gif;jpg;jpeg;jpe;resx;tiff;tif;png;wav;mfcribbon-ms</Extensions>
    </Filter>
    <Filter Include="Source Files\Util">
      <UniqueIdentifier>{481f6cb0-f7f2-446e-be0c-17f93f4d6a65}</UniqueIdentifier>
    </Filter>
    <Filter Include="Source Files\Logger">
      <UniqueIdentifier>{818f6962-7346-4f58-b7e6-091ff16bad8b}</UniqueIdentifier>
    </Filter>
    <Filter Include="Source Files\Custom">
      <UniqueIdentifier>{b647d82c-c393-4262-9a07-f7e4a0223973}</UniqueIdentifier>
    </Filter>
  </ItemGroup>
  <ItemGroup>
    <ClInclude Include="stdafx.h">
      <Filter>Header Files</Filter>
    </ClInclude>
    <ClInclude Include="Util.h">
      <Filter>Source Files</Filter>
    </ClInclude>
    <ClInclude Include="detours.h">
      <Filter>Source Files</Filter>
    </ClInclude>
    <ClInclude Include="main.h">
      <Filter>Header Files</Filter>
    </ClInclude>
    <ClInclude Include="Protect.h">
      <Filter>Header Files</Filter>
    </ClInclude>
    <ClInclude Include="Offset.h">
      <Filter>Header Files</Filter>
    </ClInclude>
    <ClInclude Include="PacketManager.h">
      <Filter>Header Files</Filter>
    </ClInclude>
    <ClInclude Include="Protocol.h">
      <Filter>Header Files</Filter>
    </ClInclude>
    <ClInclude Include="Reconnect.h">
      <Filter>Header Files</Filter>
    </ClInclude>
    <ClInclude Include="..\..\Util\CCRC32.H">
      <Filter>Source Files\Util</Filter>
    </ClInclude>
    <ClInclude Include="resource.h">
      <Filter>Header Files</Filter>
    </ClInclude>
    <ClInclude Include="Console.h">
      <Filter>Source Files\Logger</Filter>
    </ClInclude>
    <ClInclude Include="CustomFunctions.h">
      <Filter>Source Files\Custom</Filter>
    </ClInclude>
    <ClInclude Include="Serial.h">
      <Filter>Header Files</Filter>
    </ClInclude>
    <ClInclude Include="HackCheck.h">
      <Filter>Header Files</Filter>
    </ClInclude>
    <ClInclude Include="sha1.h">
      <Filter>Header Files</Filter>
    </ClInclude>
    <ClInclude Include="CastleSiege.h">
      <Filter>Header Files</Filter>
    </ClInclude>
    <ClInclude Include="Interface.h">
      <Filter>Header Files</Filter>
    </ClInclude>
    <ClInclude Include="PrintPlayer.h">
      <Filter>Header Files</Filter>
    </ClInclude>
    <ClInclude Include="TrayMode.h">
      <Filter>Source Files</Filter>
    </ClInclude>
    <ClInclude Include="ScreenShooter.h">
      <Filter>Header Files</Filter>
    </ClInclude>
    <ClInclude Include="ScreenShot.h">
      <Filter>Header Files</Filter>
    </ClInclude>
    <ClInclude Include="HandleGuards.h">
      <Filter>Header Files</Filter>
    </ClInclude>
    <ClInclude Include="Uploader.h">
      <Filter>Header Files</Filter>
    </ClInclude>
    <ClInclude Include="Oficina.h">
      <Filter>Header Files</Filter>
    </ClInclude>
    <ClInclude Include="EventSchedule.h">
      <Filter>Header Files</Filter>
    </ClInclude>
    <ClInclude Include="EmojiSystem.h">
      <Filter>Source Files\Custom</Filter>
    </ClInclude>
  </ItemGroup>
  <ItemGroup>
    <ClCompile Include="stdafx.cpp">
      <Filter>Source Files</Filter>
    </ClCompile>
    <ClCompile Include="main.cpp">
      <Filter>Source Files</Filter>
    </ClCompile>
    <ClCompile Include="Util.cpp">
      <Filter>Source Files</Filter>
    </ClCompile>
    <ClCompile Include="Protect.cpp">
      <Filter>Source Files</Filter>
    </ClCompile>
    <ClCompile Include="Reconnect.cpp">
      <Filter>Source Files</Filter>
    </ClCompile>
    <ClCompile Include="PacketManager.cpp">
      <Filter>Source Files</Filter>
    </ClCompile>
    <ClCompile Include="Protocol.cpp">
      <Filter>Source Files</Filter>
    </ClCompile>
    <ClCompile Include="..\..\Util\CCRC32.Cpp">
      <Filter>Source Files\Util</Filter>
    </ClCompile>
    <ClCompile Include="Console.cpp">
      <Filter>Source Files\Logger</Filter>
    </ClCompile>
    <ClCompile Include="CustomFunctions.cpp">
      <Filter>Source Files\Custom</Filter>
    </ClCompile>
    <ClCompile Include="HackCheck.cpp">
      <Filter>Source Files</Filter>
    </ClCompile>
    <ClCompile Include="sha1.cpp">
      <Filter>Source Files</Filter>
    </ClCompile>
    <ClCompile Include="CastleSiege.cpp">
      <Filter>Source Files</Filter>
    </ClCompile>
    <ClCompile Include="Interface.cpp">
      <Filter>Source Files</Filter>
    </ClCompile>
    <ClCompile Include="PrintPlayer.cpp">
      <Filter>Source Files</Filter>
    </ClCompile>
    <ClCompile Include="TrayMode.cpp">
      <Filter>Source Files</Filter>
    </ClCompile>
    <ClCompile Include="ScreenShooter.cpp">
      <Filter>Source Files</Filter>
    </ClCompile>
    <ClCompile Include="ScreenShot.cpp">
      <Filter>Source Files</Filter>
    </ClCompile>
    <ClCompile Include="Uploader.cpp">
      <Filter>Source Files</Filter>
    </ClCompile>
    <ClCompile Include="Oficina.cpp">
      <Filter>Source Files</Filter>
    </ClCompile>
    <ClCompile Include="EventSchedule.cpp">
      <Filter>Source Files</Filter>
    </ClCompile>
    <ClCompile Include="EmojiSystem.cpp">
      <Filter>Source Files\Custom</Filter>
    </ClCompile>
  </ItemGroup>
  <ItemGroup>
    <ResourceCompile Include="Main.rc">
      <Filter>Resource Files</Filter>
    </ResourceCompile>
  </ItemGroup>
  <ItemGroup>
    <None Include="bitmap1.bmp">
      <Filter>Resource Files</Filter>
    </None>
    <None Include="favicon.ico">
      <Filter>Resource Files</Filter>
    </None>
  </ItemGroup>
</Project>